{
  "name": "workspace",
  "version": "1.0.0",
  "lockfileVersion": 3,
  "requires": true,
  "packages": {
    "": {
      "name": "workspace",
      "version": "1.0.0",
      "license": "ISC",
      "dependencies": {
        "litepicker": "^2.0.12"
      }
    },
    "node_modules/litepicker": {
      "version": "2.0.12",
      "resolved": "https://registry.npmjs.org/litepicker/-/litepicker-2.0.12.tgz",
      "integrity": "sha512-1N0sZJca/eALvS1hbJsVqKXwJAmp0BsJn73kZKWGGLjZkvjKr7HXGPV+/shu60aEY/JXoOg2XUmo7hbdIOsFpQ==",
      "license": "MIT"
    }
  }
}
